
Microsoft Visual Studio Solution File, Format Version 12.00
# Visual Studio 15
VisualStudioVersion = 15.0.27428.2043
MinimumVisualStudioVersion = 10.0.40219.1
Project("{FAE04EC0-301F-11D3-BF4B-00C04F79EFBC}") = "LojaApiClient", "LojaApiClient\LojaApiClient.csproj", "{0147F04B-C89F-4B14-BBC4-656EE4A3164B}"
EndProject
Global
	GlobalSection(SolutionConfigurationPlatforms) = preSolution
		Debug|Any CPU = Debug|Any CPU
		Release|Any CPU = Release|Any CPU
	EndGlobalSection
	GlobalSection(ProjectConfigurationPlatforms) = postSolution
		{0147F04B-C89F-4B14-BBC4-656EE4A3164B}.Debug|Any CPU.ActiveCfg = Debug|Any CPU
		{0147F04B-C89F-4B14-BBC4-656EE4A3164B}.Debug|Any CPU.Build.0 = Debug|Any CPU
		{0147F04B-C89F-4B14-BBC4-656EE4A3164B}.Release|Any CPU.ActiveCfg = Release|Any CPU
		{0147F04B-C89F-4B14-BBC4-656EE4A3164B}.Release|Any CPU.Build.0 = Release|Any CPU
	EndGlobalSection
	GlobalSection(SolutionProperties) = preSolution
		HideSolutionNode = FALSE
	EndGlobalSection
	GlobalSection(ExtensibilityGlobals) = postSolution
		SolutionGuid = {80BEB9FF-9387-497C-9B6B-22EBC05BD149}
	EndGlobalSection
EndGlobal
